{
  "requires": true,
  "lockfileVersion": 1,
  "dependencies": {
    "eslint-plugin-react-hooks": {
      "version": "2.0.1",
      "resolved": "https://registry.npmjs.org/eslint-plugin-react-hooks/-/eslint-plugin-react-hooks-2.0.1.tgz",
      "integrity": "sha512-xir+3KHKo86AasxlCV8AHRtIZPHljqCRRUYgASkbatmt0fad4+5GgC7zkT7o/06hdKM6MIwp8giHVXqBPaarHQ==",
      "dev": true
    }
  }
}
